
Microsoft Visual Studio Solution File, Format Version 12.00
# Visual Studio Version 17
VisualStudioVersion = 17.4.33205.214
MinimumVisualStudioVersion = 10.0.40219.1
Project("{FAE04EC0-301F-11D3-BF4B-00C04F79EFBC}") = "BBApi", "BBApi\BBApi.csproj", "{10B0B8C6-DA45-4A6D-AF29-027C6EABC82D}"
EndProject
Global
	GlobalSection(SolutionConfigurationPlatforms) = preSolution
		Debug|Any CPU = Debug|Any CPU
		Release|Any CPU = Release|Any CPU
	EndGlobalSection
	GlobalSection(ProjectConfigurationPlatforms) = postSolution
		{10B0B8C6-DA45-4A6D-AF29-027C6EABC82D}.Debug|Any CPU.ActiveCfg = Debug|Any CPU
		{10B0B8C6-DA45-4A6D-AF29-027C6EABC82D}.Debug|Any CPU.Build.0 = Debug|Any CPU
		{10B0B8C6-DA45-4A6D-AF29-027C6EABC82D}.Release|Any CPU.ActiveCfg = Release|Any CPU
		{10B0B8C6-DA45-4A6D-AF29-027C6EABC82D}.Release|Any CPU.Build.0 = Release|Any CPU
	EndGlobalSection
	GlobalSection(SolutionProperties) = preSolution
		HideSolutionNode = FALSE
	EndGlobalSection
	GlobalSection(ExtensibilityGlobals) = postSolution
		SolutionGuid = {1507F648-1F4E-4994-8E8E-AD6AAE9C14DA}
	EndGlobalSection
EndGlobal
